
Microsoft Visual Studio Solution File, Format Version 12.00
# Visual Studio Version 17
VisualStudioVersion = 17.11.35327.3
MinimumVisualStudioVersion = 10.0.40219.1
Project("{FAE04EC0-301F-11D3-BF4B-00C04F79EFBC}") = "YourNamespace.Android", "YourNamespace.Android\YourNamespace.Android.csproj", "{980124D9-3C98-4972-A9B8-529DF024868A}"
EndProject
Project("{FAE04EC0-301F-11D3-BF4B-00C04F79EFBC}") = "YourNamespace", "YourNamespace\YourNamespace.csproj", "{35900916-BF83-49C1-BEEB-32FFBDAB7233}"
EndProject
Global
	GlobalSection(SolutionConfigurationPlatforms) = preSolution
		Debug|Any CPU = Debug|Any CPU
		Release|Any CPU = Release|Any CPU
	EndGlobalSection
	GlobalSection(ProjectConfigurationPlatforms) = postSolution
		{980124D9-3C98-4972-A9B8-529DF024868A}.Debug|Any CPU.ActiveCfg = Debug|Any CPU
		{980124D9-3C98-4972-A9B8-529DF024868A}.Debug|Any CPU.Build.0 = Debug|Any CPU
		{980124D9-3C98-4972-A9B8-529DF024868A}.Debug|Any CPU.Deploy.0 = Debug|Any CPU
		{980124D9-3C98-4972-A9B8-529DF024868A}.Release|Any CPU.ActiveCfg = Release|Any CPU
		{980124D9-3C98-4972-A9B8-529DF024868A}.Release|Any CPU.Build.0 = Release|Any CPU
		{980124D9-3C98-4972-A9B8-529DF024868A}.Release|Any CPU.Deploy.0 = Release|Any CPU
		{35900916-BF83-49C1-BEEB-32FFBDAB7233}.Debug|Any CPU.ActiveCfg = Debug|Any CPU
		{35900916-BF83-49C1-BEEB-32FFBDAB7233}.Debug|Any CPU.Build.0 = Debug|Any CPU
		{35900916-BF83-49C1-BEEB-32FFBDAB7233}.Debug|Any CPU.Deploy.0 = Debug|Any CPU
		{35900916-BF83-49C1-BEEB-32FFBDAB7233}.Release|Any CPU.ActiveCfg = Release|Any CPU
		{35900916-BF83-49C1-BEEB-32FFBDAB7233}.Release|Any CPU.Build.0 = Release|Any CPU
		{35900916-BF83-49C1-BEEB-32FFBDAB7233}.Release|Any CPU.Deploy.0 = Release|Any CPU
	EndGlobalSection
	GlobalSection(SolutionProperties) = preSolution
		HideSolutionNode = FALSE
	EndGlobalSection
	GlobalSection(ExtensibilityGlobals) = postSolution
		SolutionGuid = {85F60482-BE31-4819-BA2B-B5099C636C25}
	EndGlobalSection
EndGlobal
